
Microsoft Visual Studio Solution File, Format Version 12.00
# Visual Studio Version 16
VisualStudioVersion = 16.0.29230.47
MinimumVisualStudioVersion = 10.0.40219.1
Project("{FAE04EC0-301F-11D3-BF4B-00C04F79EFBC}") = "FlaUIRec", "FlaUIRec.csproj", "{4F033FA0-F39E-4C24-9D6D-625FE547F626}"
EndProject
Global
	GlobalSection(SolutionConfigurationPlatforms) = preSolution
		Debug|Any CPU = Debug|Any CPU
		Release|Any CPU = Release|Any CPU
	EndGlobalSection
	GlobalSection(ProjectConfigurationPlatforms) = postSolution
		{4F033FA0-F39E-4C24-9D6D-625FE547F626}.Debug|Any CPU.ActiveCfg = Debug|Any CPU
		{4F033FA0-F39E-4C24-9D6D-625FE547F626}.Debug|Any CPU.Build.0 = Debug|Any CPU
		{4F033FA0-F39E-4C24-9D6D-625FE547F626}.Release|Any CPU.ActiveCfg = Release|Any CPU
		{4F033FA0-F39E-4C24-9D6D-625FE547F626}.Release|Any CPU.Build.0 = Release|Any CPU
	EndGlobalSection
	GlobalSection(SolutionProperties) = preSolution
		HideSolutionNode = FALSE
	EndGlobalSection
	GlobalSection(ExtensibilityGlobals) = postSolution
		SolutionGuid = {00B12C58-CFC1-47F7-BCED-787391CEA760}
	EndGlobalSection
EndGlobal
