
Microsoft Visual Studio Solution File, Format Version 12.00
# Visual Studio Version 16
VisualStudioVersion = 16.0.29403.142
MinimumVisualStudioVersion = 10.0.40219.1
Project("{9A19103F-16F7-4668-BE54-9A1E7A4F7556}") = "FlaUI.Core", "FlaUI.Core\FlaUI.Core.csproj", "{DF81078D-0932-47BA-B5A7-176CFF202375}"
EndProject
Project("{9A19103F-16F7-4668-BE54-9A1E7A4F7556}") = "FlaUI.UIA2", "FlaUI.UIA2\FlaUI.UIA2.csproj", "{5CA9827E-E1AD-4741-B4DA-42984903230C}"
EndProject
Project("{9A19103F-16F7-4668-BE54-9A1E7A4F7556}") = "FlaUI.UIA3", "FlaUI.UIA3\FlaUI.UIA3.csproj", "{55FAC715-04D7-47E9-A715-5BF3FE2B901F}"
EndProject
Project("{2150E333-8FDC-42A3-9474-1A3956D46DE8}") = "Tests", "Tests", "{3DFE78D4-89EB-4CEE-A5D1-F5FDDED10959}"
EndProject
Project("{FAE04EC0-301F-11D3-BF4B-00C04F79EFBC}") = "FlaUI.Core.UnitTests", "FlaUI.Core.UnitTests\FlaUI.Core.UnitTests.csproj", "{AFE453D1-C9B6-43D0-835F-BAE465063453}"
EndProject
Project("{FAE04EC0-301F-11D3-BF4B-00C04F79EFBC}") = "FlaUI.Core.UITests", "FlaUI.Core.UITests\FlaUI.Core.UITests.csproj", "{93D2F76D-8C08-407B-AE64-0F6475CDB348}"
EndProject
Project("{2150E333-8FDC-42A3-9474-1A3956D46DE8}") = "TestApplications", "TestApplications", "{00BCF82A-388A-4DC9-A1E2-6D6D983BAEE3}"
EndProject
Project("{FAE04EC0-301F-11D3-BF4B-00C04F79EFBC}") = "WinFormsApplication", "TestApplications\WinFormsApplication\WinFormsApplication.csproj", "{FAEBBDD3-8230-4FC9-A316-05F5243C94DA}"
EndProject
Project("{FAE04EC0-301F-11D3-BF4B-00C04F79EFBC}") = "WpfApplication", "TestApplications\WpfApplication\WpfApplication.csproj", "{C8276299-FA43-409B-A969-EF030AB56224}"
EndProject
Project("{9A19103F-16F7-4668-BE54-9A1E7A4F7556}") = "FlaUI.TestUtilities", "FlaUI.TestUtilities\FlaUI.TestUtilities.csproj", "{54DA021E-EE2F-4C7A-9484-B71FD02CE513}"
EndProject
Project("{FAE04EC0-301F-11D3-BF4B-00C04F79EFBC}") = "FlaUI.Custom", "FlaUI.Custom\FlaUI.Custom.csproj", "{3032E604-6130-48CA-ADDF-D091F0944059}"
EndProject
Global
	GlobalSection(SolutionConfigurationPlatforms) = preSolution
		Debug|Any CPU = Debug|Any CPU
		Release|Any CPU = Release|Any CPU
	EndGlobalSection
	GlobalSection(ProjectConfigurationPlatforms) = postSolution
		{DF81078D-0932-47BA-B5A7-176CFF202375}.Debug|Any CPU.ActiveCfg = Debug|Any CPU
		{DF81078D-0932-47BA-B5A7-176CFF202375}.Debug|Any CPU.Build.0 = Debug|Any CPU
		{DF81078D-0932-47BA-B5A7-176CFF202375}.Release|Any CPU.ActiveCfg = Release|Any CPU
		{DF81078D-0932-47BA-B5A7-176CFF202375}.Release|Any CPU.Build.0 = Release|Any CPU
		{5CA9827E-E1AD-4741-B4DA-42984903230C}.Debug|Any CPU.ActiveCfg = Debug|Any CPU
		{5CA9827E-E1AD-4741-B4DA-42984903230C}.Debug|Any CPU.Build.0 = Debug|Any CPU
		{5CA9827E-E1AD-4741-B4DA-42984903230C}.Release|Any CPU.ActiveCfg = Release|Any CPU
		{5CA9827E-E1AD-4741-B4DA-42984903230C}.Release|Any CPU.Build.0 = Release|Any CPU
		{55FAC715-04D7-47E9-A715-5BF3FE2B901F}.Debug|Any CPU.ActiveCfg = Debug|Any CPU
		{55FAC715-04D7-47E9-A715-5BF3FE2B901F}.Debug|Any CPU.Build.0 = Debug|Any CPU
		{55FAC715-04D7-47E9-A715-5BF3FE2B901F}.Release|Any CPU.ActiveCfg = Release|Any CPU
		{55FAC715-04D7-47E9-A715-5BF3FE2B901F}.Release|Any CPU.Build.0 = Release|Any CPU
		{AFE453D1-C9B6-43D0-835F-BAE465063453}.Debug|Any CPU.ActiveCfg = Debug|Any CPU
		{AFE453D1-C9B6-43D0-835F-BAE465063453}.Debug|Any CPU.Build.0 = Debug|Any CPU
		{AFE453D1-C9B6-43D0-835F-BAE465063453}.Release|Any CPU.ActiveCfg = Release|Any CPU
		{AFE453D1-C9B6-43D0-835F-BAE465063453}.Release|Any CPU.Build.0 = Release|Any CPU
		{93D2F76D-8C08-407B-AE64-0F6475CDB348}.Debug|Any CPU.ActiveCfg = Debug|Any CPU
		{93D2F76D-8C08-407B-AE64-0F6475CDB348}.Debug|Any CPU.Build.0 = Debug|Any CPU
		{93D2F76D-8C08-407B-AE64-0F6475CDB348}.Release|Any CPU.ActiveCfg = Release|Any CPU
		{93D2F76D-8C08-407B-AE64-0F6475CDB348}.Release|Any CPU.Build.0 = Release|Any CPU
		{FAEBBDD3-8230-4FC9-A316-05F5243C94DA}.Debug|Any CPU.ActiveCfg = Debug|Any CPU
		{FAEBBDD3-8230-4FC9-A316-05F5243C94DA}.Debug|Any CPU.Build.0 = Debug|Any CPU
		{FAEBBDD3-8230-4FC9-A316-05F5243C94DA}.Release|Any CPU.ActiveCfg = Release|Any CPU
		{FAEBBDD3-8230-4FC9-A316-05F5243C94DA}.Release|Any CPU.Build.0 = Release|Any CPU
		{C8276299-FA43-409B-A969-EF030AB56224}.Debug|Any CPU.ActiveCfg = Debug|Any CPU
		{C8276299-FA43-409B-A969-EF030AB56224}.Debug|Any CPU.Build.0 = Debug|Any CPU
		{C8276299-FA43-409B-A969-EF030AB56224}.Release|Any CPU.ActiveCfg = Release|Any CPU
		{C8276299-FA43-409B-A969-EF030AB56224}.Release|Any CPU.Build.0 = Release|Any CPU
		{54DA021E-EE2F-4C7A-9484-B71FD02CE513}.Debug|Any CPU.ActiveCfg = Debug|Any CPU
		{54DA021E-EE2F-4C7A-9484-B71FD02CE513}.Debug|Any CPU.Build.0 = Debug|Any CPU
		{54DA021E-EE2F-4C7A-9484-B71FD02CE513}.Release|Any CPU.ActiveCfg = Release|Any CPU
		{54DA021E-EE2F-4C7A-9484-B71FD02CE513}.Release|Any CPU.Build.0 = Release|Any CPU
		{3032E604-6130-48CA-ADDF-D091F0944059}.Debug|Any CPU.ActiveCfg = Debug|Any CPU
		{3032E604-6130-48CA-ADDF-D091F0944059}.Debug|Any CPU.Build.0 = Debug|Any CPU
		{3032E604-6130-48CA-ADDF-D091F0944059}.Release|Any CPU.ActiveCfg = Release|Any CPU
		{3032E604-6130-48CA-ADDF-D091F0944059}.Release|Any CPU.Build.0 = Release|Any CPU
	EndGlobalSection
	GlobalSection(SolutionProperties) = preSolution
		HideSolutionNode = FALSE
	EndGlobalSection
	GlobalSection(NestedProjects) = preSolution
		{AFE453D1-C9B6-43D0-835F-BAE465063453} = {3DFE78D4-89EB-4CEE-A5D1-F5FDDED10959}
		{93D2F76D-8C08-407B-AE64-0F6475CDB348} = {3DFE78D4-89EB-4CEE-A5D1-F5FDDED10959}
		{FAEBBDD3-8230-4FC9-A316-05F5243C94DA} = {00BCF82A-388A-4DC9-A1E2-6D6D983BAEE3}
		{C8276299-FA43-409B-A969-EF030AB56224} = {00BCF82A-388A-4DC9-A1E2-6D6D983BAEE3}
		{54DA021E-EE2F-4C7A-9484-B71FD02CE513} = {3DFE78D4-89EB-4CEE-A5D1-F5FDDED10959}
	EndGlobalSection
	GlobalSection(ExtensibilityGlobals) = postSolution
		SolutionGuid = {F2B64231-45B2-4129-960A-9F26AFFD16AE}
	EndGlobalSection
EndGlobal
