
Microsoft Visual Studio Solution File, Format Version 12.00
# Visual Studio 14
VisualStudioVersion = 14.0.25420.1
MinimumVisualStudioVersion = 10.0.40219.1
Project("{FAE04EC0-301F-11D3-BF4B-00C04F79EFBC}") = "FlaUI.Core", "FlaUI.Core\FlaUI.Core.csproj", "{0224CEE1-30C0-4539-B609-BCF2B38A8870}"
EndProject
Project("{FAE04EC0-301F-11D3-BF4B-00C04F79EFBC}") = "FlaUI.UIA2", "FlaUI.UIA2\FlaUI.UIA2.csproj", "{9060A00A-1718-4976-B6AF-02C1BE43190C}"
EndProject
Project("{FAE04EC0-301F-11D3-BF4B-00C04F79EFBC}") = "FlaUI.UIA3", "FlaUI.UIA3\FlaUI.UIA3.csproj", "{49952CC0-B938-4306-888E-836E247B0768}"
EndProject
Project("{FAE04EC0-301F-11D3-BF4B-00C04F79EFBC}") = "FlaUI.Core.UITests", "FlaUI.Core.UITests\FlaUI.Core.UITests.csproj", "{93D2F76D-8C08-407B-AE64-0F6475CDB348}"
EndProject
Project("{FAE04EC0-301F-11D3-BF4B-00C04F79EFBC}") = "FlaUI.Core.UnitTests", "FlaUI.Core.UnitTests\FlaUI.Core.UnitTests.csproj", "{AFE453D1-C9B6-43D0-835F-BAE465063453}"
EndProject
Project("{2150E333-8FDC-42A3-9474-1A3956D46DE8}") = "Tests", "Tests", "{B13F84C7-9D51-4AB2-AA9D-28337251FACC}"
EndProject
Project("{2150E333-8FDC-42A3-9474-1A3956D46DE8}") = "TestApplications", "TestApplications", "{0E6F2609-CC0C-417A-ABDB-4724D80E7EC5}"
EndProject
Project("{FAE04EC0-301F-11D3-BF4B-00C04F79EFBC}") = "WinFormsApplication", "TestApplications\WinFormsApplication\WinFormsApplication.csproj", "{FAEBBDD3-8230-4FC9-A316-05F5243C94DA}"
EndProject
Project("{FAE04EC0-301F-11D3-BF4B-00C04F79EFBC}") = "WpfApplication", "TestApplications\WpfApplication\WpfApplication.csproj", "{C8276299-FA43-409B-A969-EF030AB56224}"
EndProject
Project("{FAE04EC0-301F-11D3-BF4B-00C04F79EFBC}") = "FlaUIRec", "FlaUIRec\FlaUIRec.csproj", "{4F033FA0-F39E-4C24-9D6D-625FE547F626}"
EndProject
Project("{FAE04EC0-301F-11D3-BF4B-00C04F79EFBC}") = "FlaUInspect", "FlaUInspect\FlaUInspect.csproj", "{B1C3A9D6-326F-4A42-A2B8-C7605D111F47}"
EndProject
Project("{2150E333-8FDC-42A3-9474-1A3956D46DE8}") = "Solution Items", "Solution Items", "{5DEEC181-27D2-412A-9914-8C069E69154A}"
	ProjectSection(SolutionItems) = preProject
		..\FlaUI.png = ..\FlaUI.png
		..\README.md = ..\README.md
	EndProjectSection
EndProject
Global
	GlobalSection(SolutionConfigurationPlatforms) = preSolution
		Debug|Any CPU = Debug|Any CPU
		Release|Any CPU = Release|Any CPU
	EndGlobalSection
	GlobalSection(ProjectConfigurationPlatforms) = postSolution
		{0224CEE1-30C0-4539-B609-BCF2B38A8870}.Debug|Any CPU.ActiveCfg = Debug|Any CPU
		{0224CEE1-30C0-4539-B609-BCF2B38A8870}.Debug|Any CPU.Build.0 = Debug|Any CPU
		{0224CEE1-30C0-4539-B609-BCF2B38A8870}.Release|Any CPU.ActiveCfg = Release|Any CPU
		{0224CEE1-30C0-4539-B609-BCF2B38A8870}.Release|Any CPU.Build.0 = Release|Any CPU
		{9060A00A-1718-4976-B6AF-02C1BE43190C}.Debug|Any CPU.ActiveCfg = Debug|Any CPU
		{9060A00A-1718-4976-B6AF-02C1BE43190C}.Debug|Any CPU.Build.0 = Debug|Any CPU
		{9060A00A-1718-4976-B6AF-02C1BE43190C}.Release|Any CPU.ActiveCfg = Release|Any CPU
		{9060A00A-1718-4976-B6AF-02C1BE43190C}.Release|Any CPU.Build.0 = Release|Any CPU
		{49952CC0-B938-4306-888E-836E247B0768}.Debug|Any CPU.ActiveCfg = Debug|Any CPU
		{49952CC0-B938-4306-888E-836E247B0768}.Debug|Any CPU.Build.0 = Debug|Any CPU
		{49952CC0-B938-4306-888E-836E247B0768}.Release|Any CPU.ActiveCfg = Release|Any CPU
		{49952CC0-B938-4306-888E-836E247B0768}.Release|Any CPU.Build.0 = Release|Any CPU
		{93D2F76D-8C08-407B-AE64-0F6475CDB348}.Debug|Any CPU.ActiveCfg = Debug|Any CPU
		{93D2F76D-8C08-407B-AE64-0F6475CDB348}.Debug|Any CPU.Build.0 = Debug|Any CPU
		{93D2F76D-8C08-407B-AE64-0F6475CDB348}.Release|Any CPU.ActiveCfg = Release|Any CPU
		{93D2F76D-8C08-407B-AE64-0F6475CDB348}.Release|Any CPU.Build.0 = Release|Any CPU
		{AFE453D1-C9B6-43D0-835F-BAE465063453}.Debug|Any CPU.ActiveCfg = Debug|Any CPU
		{AFE453D1-C9B6-43D0-835F-BAE465063453}.Debug|Any CPU.Build.0 = Debug|Any CPU
		{AFE453D1-C9B6-43D0-835F-BAE465063453}.Release|Any CPU.ActiveCfg = Release|Any CPU
		{AFE453D1-C9B6-43D0-835F-BAE465063453}.Release|Any CPU.Build.0 = Release|Any CPU
		{FAEBBDD3-8230-4FC9-A316-05F5243C94DA}.Debug|Any CPU.ActiveCfg = Debug|Any CPU
		{FAEBBDD3-8230-4FC9-A316-05F5243C94DA}.Debug|Any CPU.Build.0 = Debug|Any CPU
		{FAEBBDD3-8230-4FC9-A316-05F5243C94DA}.Release|Any CPU.ActiveCfg = Release|Any CPU
		{FAEBBDD3-8230-4FC9-A316-05F5243C94DA}.Release|Any CPU.Build.0 = Release|Any CPU
		{C8276299-FA43-409B-A969-EF030AB56224}.Debug|Any CPU.ActiveCfg = Debug|Any CPU
		{C8276299-FA43-409B-A969-EF030AB56224}.Debug|Any CPU.Build.0 = Debug|Any CPU
		{C8276299-FA43-409B-A969-EF030AB56224}.Release|Any CPU.ActiveCfg = Release|Any CPU
		{C8276299-FA43-409B-A969-EF030AB56224}.Release|Any CPU.Build.0 = Release|Any CPU
		{4F033FA0-F39E-4C24-9D6D-625FE547F626}.Debug|Any CPU.ActiveCfg = Debug|Any CPU
		{4F033FA0-F39E-4C24-9D6D-625FE547F626}.Debug|Any CPU.Build.0 = Debug|Any CPU
		{4F033FA0-F39E-4C24-9D6D-625FE547F626}.Release|Any CPU.ActiveCfg = Release|Any CPU
		{4F033FA0-F39E-4C24-9D6D-625FE547F626}.Release|Any CPU.Build.0 = Release|Any CPU
		{B1C3A9D6-326F-4A42-A2B8-C7605D111F47}.Debug|Any CPU.ActiveCfg = Debug|Any CPU
		{B1C3A9D6-326F-4A42-A2B8-C7605D111F47}.Debug|Any CPU.Build.0 = Debug|Any CPU
		{B1C3A9D6-326F-4A42-A2B8-C7605D111F47}.Release|Any CPU.ActiveCfg = Release|Any CPU
		{B1C3A9D6-326F-4A42-A2B8-C7605D111F47}.Release|Any CPU.Build.0 = Release|Any CPU
	EndGlobalSection
	GlobalSection(SolutionProperties) = preSolution
		HideSolutionNode = FALSE
	EndGlobalSection
	GlobalSection(NestedProjects) = preSolution
		{93D2F76D-8C08-407B-AE64-0F6475CDB348} = {B13F84C7-9D51-4AB2-AA9D-28337251FACC}
		{AFE453D1-C9B6-43D0-835F-BAE465063453} = {B13F84C7-9D51-4AB2-AA9D-28337251FACC}
		{FAEBBDD3-8230-4FC9-A316-05F5243C94DA} = {0E6F2609-CC0C-417A-ABDB-4724D80E7EC5}
		{C8276299-FA43-409B-A969-EF030AB56224} = {0E6F2609-CC0C-417A-ABDB-4724D80E7EC5}
	EndGlobalSection
EndGlobal
